// !$*UTF8*$!
{
	archiveVersion = 1;
	classes = {
	};
	objectVersion = 56;
	objects = {

/* Begin PBXBuildFile section */
		6222D8D12A391063001628E3 /* ReportView.swift in Sources */ = {isa = PBXBuildFile; fileRef = 6222D8D02A391063001628E3 /* ReportView.swift */; };
		6222D8D32A39BA7C001628E3 /* ReportViewModel.swift in Sources */ = {isa = PBXBuildFile; fileRef = 6222D8D22A39BA7C001628E3 /* ReportViewModel.swift */; };
		6222D8D72A39CA6C001628E3 /* ImagePicker.swift in Sources */ = {isa = PBXBuildFile; fileRef = 6222D8D62A39CA6C001628E3 /* ImagePicker.swift */; };
		6222D8D92A39D31E001628E3 /* FirebaseStorage in Frameworks */ = {isa = PBXBuildFile; productRef = 6222D8D82A39D31E001628E3 /* FirebaseStorage */; };
		6222D8DB2A39D3A7001628E3 /* ReportRepository.swift in Sources */ = {isa = PBXBuildFile; fileRef = 6222D8DA2A39D3A7001628E3 /* ReportRepository.swift */; };
		6222D8DD2A39D550001628E3 /* Report.swift in Sources */ = {isa = PBXBuildFile; fileRef = 6222D8DC2A39D550001628E3 /* Report.swift */; };
		6222D8E02A39D905001628E3 /* StorageUtil.swift in Sources */ = {isa = PBXBuildFile; fileRef = 6222D8DF2A39D905001628E3 /* StorageUtil.swift */; };
		6222D8E22A39DB30001628E3 /* FirebaseRepository.swift in Sources */ = {isa = PBXBuildFile; fileRef = 6222D8E12A39DB30001628E3 /* FirebaseRepository.swift */; };
		6222D8E62A3B0695001628E3 /* ChatViewModel.swift in Sources */ = {isa = PBXBuildFile; fileRef = 6222D8E52A3B0695001628E3 /* ChatViewModel.swift */; };
		6222D8E82A3B0EC2001628E3 /* ChatListViewModel.swift in Sources */ = {isa = PBXBuildFile; fileRef = 6222D8E72A3B0EC2001628E3 /* ChatListViewModel.swift */; };
		6249F8602A300BAD00E9E99D /* ChatListView.swift in Sources */ = {isa = PBXBuildFile; fileRef = 6249F85F2A300BAD00E9E99D /* ChatListView.swift */; };
		6249F8622A300CFD00E9E99D /* ChatListItem.swift in Sources */ = {isa = PBXBuildFile; fileRef = 6249F8612A300CFD00E9E99D /* ChatListItem.swift */; };
		6249F8652A30137900E9E99D /* Mock.swift in Sources */ = {isa = PBXBuildFile; fileRef = 6249F8642A30137900E9E99D /* Mock.swift */; };
		625FDD2B2A302D2500B32EA8 /* SettingView.swift in Sources */ = {isa = PBXBuildFile; fileRef = 625FDD2A2A302D2500B32EA8 /* SettingView.swift */; };
		625FDD2D2A302DD500B32EA8 /* ChatHistoryItem.swift in Sources */ = {isa = PBXBuildFile; fileRef = 625FDD2C2A302DD500B32EA8 /* ChatHistoryItem.swift */; };
		625FDD302A3033F900B32EA8 /* BinaryProfileGenerator.swift in Sources */ = {isa = PBXBuildFile; fileRef = 625FDD2F2A3033F900B32EA8 /* BinaryProfileGenerator.swift */; };
		625FDD322A30346D00B32EA8 /* BinaryProfile.swift in Sources */ = {isa = PBXBuildFile; fileRef = 625FDD312A30346D00B32EA8 /* BinaryProfile.swift */; };
		625FDD352A304EBC00B32EA8 /* StringUtil.swift in Sources */ = {isa = PBXBuildFile; fileRef = 625FDD342A304EBC00B32EA8 /* StringUtil.swift */; };
		625FDD372A3055D800B32EA8 /* BinaryProfileView.swift in Sources */ = {isa = PBXBuildFile; fileRef = 625FDD362A3055D800B32EA8 /* BinaryProfileView.swift */; };
		625FDD392A30571500B32EA8 /* IntUtil.swift in Sources */ = {isa = PBXBuildFile; fileRef = 625FDD382A30571500B32EA8 /* IntUtil.swift */; };
		625FDD3B2A30578200B32EA8 /* DoubleUtil.swift in Sources */ = {isa = PBXBuildFile; fileRef = 625FDD3A2A30578200B32EA8 /* DoubleUtil.swift */; };
		625FDD3D2A3078F100B32EA8 /* ProfileImageView.swift in Sources */ = {isa = PBXBuildFile; fileRef = 625FDD3C2A3078F100B32EA8 /* ProfileImageView.swift */; };
		625FDD3F2A30798300B32EA8 /* ProfileImage.swift in Sources */ = {isa = PBXBuildFile; fileRef = 625FDD3E2A30798300B32EA8 /* ProfileImage.swift */; };
		625FDD452A30FF4E00B32EA8 /* DataManager.swift in Sources */ = {isa = PBXBuildFile; fileRef = 625FDD442A30FF4E00B32EA8 /* DataManager.swift */; };
		625FDD482A30FFDC00B32EA8 /* WifiTalk.xcdatamodeld in Sources */ = {isa = PBXBuildFile; fileRef = 625FDD462A30FFDC00B32EA8 /* WifiTalk.xcdatamodeld */; };
		625FDD4A2A31133400B32EA8 /* UserController.swift in Sources */ = {isa = PBXBuildFile; fileRef = 625FDD492A31133400B32EA8 /* UserController.swift */; };
		625FDD4C2A31185400B32EA8 /* DataController.swift in Sources */ = {isa = PBXBuildFile; fileRef = 625FDD4B2A31185400B32EA8 /* DataController.swift */; };
		625FDD4E2A311BA700B32EA8 /* UserViewModel.swift in Sources */ = {isa = PBXBuildFile; fileRef = 625FDD4D2A311BA700B32EA8 /* UserViewModel.swift */; };
		625FDD502A31B2DE00B32EA8 /* AppState.swift in Sources */ = {isa = PBXBuildFile; fileRef = 625FDD4F2A31B2DE00B32EA8 /* AppState.swift */; };
		625FDD532A31C07C00B32EA8 /* UpdateProfileView.swift in Sources */ = {isa = PBXBuildFile; fileRef = 625FDD522A31C07C00B32EA8 /* UpdateProfileView.swift */; };
		625FDD562A31D4FC00B32EA8 /* ChatView.swift in Sources */ = {isa = PBXBuildFile; fileRef = 625FDD552A31D4FC00B32EA8 /* ChatView.swift */; };
		625FDD5B2A31D66800B32EA8 /* ChatMessage.swift in Sources */ = {isa = PBXBuildFile; fileRef = 625FDD5A2A31D66800B32EA8 /* ChatMessage.swift */; };
		625FDD5D2A31D77F00B32EA8 /* ChatMessageView.swift in Sources */ = {isa = PBXBuildFile; fileRef = 625FDD5C2A31D77F00B32EA8 /* ChatMessageView.swift */; };
		625FDD5F2A31D8D100B32EA8 /* MessageInputView.swift in Sources */ = {isa = PBXBuildFile; fileRef = 625FDD5E2A31D8D100B32EA8 /* MessageInputView.swift */; };
		625FDD612A31E05800B32EA8 /* ViewUtil.swift in Sources */ = {isa = PBXBuildFile; fileRef = 625FDD602A31E05800B32EA8 /* ViewUtil.swift */; };
		625FDD632A31EEEB00B32EA8 /* ChatBubble.swift in Sources */ = {isa = PBXBuildFile; fileRef = 625FDD622A31EEEB00B32EA8 /* ChatBubble.swift */; };
		625FDD652A320F3700B32EA8 /* ScrollPositionReader.swift in Sources */ = {isa = PBXBuildFile; fileRef = 625FDD642A320F3700B32EA8 /* ScrollPositionReader.swift */; };
		625FDD672A3484BD00B32EA8 /* GoogleService-Info.plist in Resources */ = {isa = PBXBuildFile; fileRef = 625FDD662A3484BD00B32EA8 /* GoogleService-Info.plist */; };
		625FDD6D2A3485C600B32EA8 /* ChatRepository.swift in Sources */ = {isa = PBXBuildFile; fileRef = 625FDD6C2A3485C600B32EA8 /* ChatRepository.swift */; };
		625FDD7A2A34890100B32EA8 /* Constants.swift in Sources */ = {isa = PBXBuildFile; fileRef = 625FDD792A34890100B32EA8 /* Constants.swift */; };
		625FDD7C2A348DE100B32EA8 /* LogUtil.swift in Sources */ = {isa = PBXBuildFile; fileRef = 625FDD7B2A348DE100B32EA8 /* LogUtil.swift */; };
		625FDD842A35A24700B32EA8 /* QueryUtil.swift in Sources */ = {isa = PBXBuildFile; fileRef = 625FDD832A35A24700B32EA8 /* QueryUtil.swift */; };
		625FDD882A3651A100B32EA8 /* TrackableScrollView.swift in Sources */ = {isa = PBXBuildFile; fileRef = 625FDD872A3651A100B32EA8 /* TrackableScrollView.swift */; };
		625FDD8A2A3651E100B32EA8 /* ScrollOffsetPreferenceKey.swift in Sources */ = {isa = PBXBuildFile; fileRef = 625FDD892A3651E100B32EA8 /* ScrollOffsetPreferenceKey.swift */; };
		625FDD8F2A37241700B32EA8 /* ChatMessageViewModel.swift in Sources */ = {isa = PBXBuildFile; fileRef = 625FDD8E2A37241700B32EA8 /* ChatMessageViewModel.swift */; };
		625FDD912A37286300B32EA8 /* DateUtil.swift in Sources */ = {isa = PBXBuildFile; fileRef = 625FDD902A37286300B32EA8 /* DateUtil.swift */; };
		6286EA2A2A2E0830006F549D /* wifitalkApp.swift in Sources */ = {isa = PBXBuildFile; fileRef = 6286EA292A2E0830006F549D /* wifitalkApp.swift */; };
		6286EA2C2A2E0830006F549D /* ContentView.swift in Sources */ = {isa = PBXBuildFile; fileRef = 6286EA2B2A2E0830006F549D /* ContentView.swift */; };
		6286EA2E2A2E0831006F549D /* Assets.xcassets in Resources */ = {isa = PBXBuildFile; fileRef = 6286EA2D2A2E0831006F549D /* Assets.xcassets */; };
		6286EA312A2E0831006F549D /* Preview Assets.xcassets in Resources */ = {isa = PBXBuildFile; fileRef = 6286EA302A2E0831006F549D /* Preview Assets.xcassets */; };
		62D008702A3786D50032BEDF /* FirebaseFirestore in Frameworks */ = {isa = PBXBuildFile; productRef = 62D0086F2A3786D50032BEDF /* FirebaseFirestore */; };
		62D008722A3786D50032BEDF /* FirebaseFirestoreSwift in Frameworks */ = {isa = PBXBuildFile; productRef = 62D008712A3786D50032BEDF /* FirebaseFirestoreSwift */; };
		62D008742A3795830032BEDF /* LocationPermission.swift in Sources */ = {isa = PBXBuildFile; fileRef = 62D008732A3795830032BEDF /* LocationPermission.swift */; };
		62D008772A38A4620032BEDF /* WifiHistoryController.swift in Sources */ = {isa = PBXBuildFile; fileRef = 62D008762A38A4620032BEDF /* WifiHistoryController.swift */; };
		62FFB1512A2E17D000854476 /* WifiHelper.swift in Sources */ = {isa = PBXBuildFile; fileRef = 62FFB1502A2E17D000854476 /* WifiHelper.swift */; };
		62FFB1592A2F275E00854476 /* TestView.swift in Sources */ = {isa = PBXBuildFile; fileRef = 62FFB1582A2F275E00854476 /* TestView.swift */; };
		62FFB15B2A2F45B400854476 /* Wifi.swift in Sources */ = {isa = PBXBuildFile; fileRef = 62FFB15A2A2F45B400854476 /* Wifi.swift */; };
		62FFB15D2A2F626900854476 /* WifiState.swift in Sources */ = {isa = PBXBuildFile; fileRef = 62FFB15C2A2F626900854476 /* WifiState.swift */; };
		62FFB1622A2F7F0500854476 /* WifiViewModel.swift in Sources */ = {isa = PBXBuildFile; fileRef = 62FFB1612A2F7F0500854476 /* WifiViewModel.swift */; };
/* End PBXBuildFile section */

/* Begin PBXFileReference section */
		6222D8D02A391063001628E3 /* ReportView.swift */ = {isa = PBXFileReference; lastKnownFileType = sourcecode.swift; path = ReportView.swift; sourceTree = "<group>"; };
		6222D8D22A39BA7C001628E3 /* ReportViewModel.swift */ = {isa = PBXFileReference; lastKnownFileType = sourcecode.swift; path = ReportViewModel.swift; sourceTree = "<group>"; };
		6222D8D62A39CA6C001628E3 /* ImagePicker.swift */ = {isa = PBXFileReference; lastKnownFileType = sourcecode.swift; path = ImagePicker.swift; sourceTree = "<group>"; };
		6222D8DA2A39D3A7001628E3 /* ReportRepository.swift */ = {isa = PBXFileReference; lastKnownFileType = sourcecode.swift; path = ReportRepository.swift; sourceTree = "<group>"; };
		6222D8DC2A39D550001628E3 /* Report.swift */ = {isa = PBXFileReference; lastKnownFileType = sourcecode.swift; path = Report.swift; sourceTree = "<group>"; };
		6222D8DF2A39D905001628E3 /* StorageUtil.swift */ = {isa = PBXFileReference; lastKnownFileType = sourcecode.swift; path = StorageUtil.swift; sourceTree = "<group>"; };
		6222D8E12A39DB30001628E3 /* FirebaseRepository.swift */ = {isa = PBXFileReference; lastKnownFileType = sourcecode.swift; path = FirebaseRepository.swift; sourceTree = "<group>"; };
		6222D8E52A3B0695001628E3 /* ChatViewModel.swift */ = {isa = PBXFileReference; lastKnownFileType = sourcecode.swift; path = ChatViewModel.swift; sourceTree = "<group>"; };
		6222D8E72A3B0EC2001628E3 /* ChatListViewModel.swift */ = {isa = PBXFileReference; lastKnownFileType = sourcecode.swift; path = ChatListViewModel.swift; sourceTree = "<group>"; };
		6249F85F2A300BAD00E9E99D /* ChatListView.swift */ = {isa = PBXFileReference; lastKnownFileType = sourcecode.swift; path = ChatListView.swift; sourceTree = "<group>"; };
		6249F8612A300CFD00E9E99D /* ChatListItem.swift */ = {isa = PBXFileReference; lastKnownFileType = sourcecode.swift; path = ChatListItem.swift; sourceTree = "<group>"; };
		6249F8642A30137900E9E99D /* Mock.swift */ = {isa = PBXFileReference; lastKnownFileType = sourcecode.swift; path = Mock.swift; sourceTree = "<group>"; };
		625FDD2A2A302D2500B32EA8 /* SettingView.swift */ = {isa = PBXFileReference; lastKnownFileType = sourcecode.swift; path = SettingView.swift; sourceTree = "<group>"; };
		625FDD2C2A302DD500B32EA8 /* ChatHistoryItem.swift */ = {isa = PBXFileReference; lastKnownFileType = sourcecode.swift; path = ChatHistoryItem.swift; sourceTree = "<group>"; };
		625FDD2F2A3033F900B32EA8 /* BinaryProfileGenerator.swift */ = {isa = PBXFileReference; lastKnownFileType = sourcecode.swift; path = BinaryProfileGenerator.swift; sourceTree = "<group>"; };
		625FDD312A30346D00B32EA8 /* BinaryProfile.swift */ = {isa = PBXFileReference; lastKnownFileType = sourcecode.swift; path = BinaryProfile.swift; sourceTree = "<group>"; };
		625FDD342A304EBC00B32EA8 /* StringUtil.swift */ = {isa = PBXFileReference; lastKnownFileType = sourcecode.swift; path = StringUtil.swift; sourceTree = "<group>"; };
		625FDD362A3055D800B32EA8 /* BinaryProfileView.swift */ = {isa = PBXFileReference; lastKnownFileType = sourcecode.swift; path = BinaryProfileView.swift; sourceTree = "<group>"; };
		625FDD382A30571500B32EA8 /* IntUtil.swift */ = {isa = PBXFileReference; lastKnownFileType = sourcecode.swift; path = IntUtil.swift; sourceTree = "<group>"; };
		625FDD3A2A30578200B32EA8 /* DoubleUtil.swift */ = {isa = PBXFileReference; lastKnownFileType = sourcecode.swift; path = DoubleUtil.swift; sourceTree = "<group>"; };
		625FDD3C2A3078F100B32EA8 /* ProfileImageView.swift */ = {isa = PBXFileReference; lastKnownFileType = sourcecode.swift; path = ProfileImageView.swift; sourceTree = "<group>"; };
		625FDD3E2A30798300B32EA8 /* ProfileImage.swift */ = {isa = PBXFileReference; lastKnownFileType = sourcecode.swift; path = ProfileImage.swift; sourceTree = "<group>"; };
		625FDD442A30FF4E00B32EA8 /* DataManager.swift */ = {isa = PBXFileReference; lastKnownFileType = sourcecode.swift; path = DataManager.swift; sourceTree = "<group>"; };
		625FDD472A30FFDC00B32EA8 /* WifiTalk.xcdatamodel */ = {isa = PBXFileReference; lastKnownFileType = wrapper.xcdatamodel; path = WifiTalk.xcdatamodel; sourceTree = "<group>"; };
		625FDD492A31133400B32EA8 /* UserController.swift */ = {isa = PBXFileReference; lastKnownFileType = sourcecode.swift; path = UserController.swift; sourceTree = "<group>"; };
		625FDD4B2A31185400B32EA8 /* DataController.swift */ = {isa = PBXFileReference; lastKnownFileType = sourcecode.swift; path = DataController.swift; sourceTree = "<group>"; };
		625FDD4D2A311BA700B32EA8 /* UserViewModel.swift */ = {isa = PBXFileReference; lastKnownFileType = sourcecode.swift; path = UserViewModel.swift; sourceTree = "<group>"; };
		625FDD4F2A31B2DE00B32EA8 /* AppState.swift */ = {isa = PBXFileReference; lastKnownFileType = sourcecode.swift; path = AppState.swift; sourceTree = "<group>"; };
		625FDD522A31C07C00B32EA8 /* UpdateProfileView.swift */ = {isa = PBXFileReference; lastKnownFileType = sourcecode.swift; path = UpdateProfileView.swift; sourceTree = "<group>"; };
		625FDD552A31D4FC00B32EA8 /* ChatView.swift */ = {isa = PBXFileReference; lastKnownFileType = sourcecode.swift; path = ChatView.swift; sourceTree = "<group>"; };
		625FDD5A2A31D66800B32EA8 /* ChatMessage.swift */ = {isa = PBXFileReference; lastKnownFileType = sourcecode.swift; path = ChatMessage.swift; sourceTree = "<group>"; };
		625FDD5C2A31D77F00B32EA8 /* ChatMessageView.swift */ = {isa = PBXFileReference; lastKnownFileType = sourcecode.swift; path = ChatMessageView.swift; sourceTree = "<group>"; };
		625FDD5E2A31D8D100B32EA8 /* MessageInputView.swift */ = {isa = PBXFileReference; lastKnownFileType = sourcecode.swift; path = MessageInputView.swift; sourceTree = "<group>"; };
		625FDD602A31E05800B32EA8 /* ViewUtil.swift */ = {isa = PBXFileReference; lastKnownFileType = sourcecode.swift; path = ViewUtil.swift; sourceTree = "<group>"; };
		625FDD622A31EEEB00B32EA8 /* ChatBubble.swift */ = {isa = PBXFileReference; lastKnownFileType = sourcecode.swift; path = ChatBubble.swift; sourceTree = "<group>"; };
		625FDD642A320F3700B32EA8 /* ScrollPositionReader.swift */ = {isa = PBXFileReference; lastKnownFileType = sourcecode.swift; path = ScrollPositionReader.swift; sourceTree = "<group>"; };
		625FDD662A3484BD00B32EA8 /* GoogleService-Info.plist */ = {isa = PBXFileReference; fileEncoding = 4; lastKnownFileType = text.plist.xml; path = "GoogleService-Info.plist"; sourceTree = "<group>"; };
		625FDD6C2A3485C600B32EA8 /* ChatRepository.swift */ = {isa = PBXFileReference; lastKnownFileType = sourcecode.swift; path = ChatRepository.swift; sourceTree = "<group>"; };
		625FDD792A34890100B32EA8 /* Constants.swift */ = {isa = PBXFileReference; lastKnownFileType = sourcecode.swift; path = Constants.swift; sourceTree = "<group>"; };
		625FDD7B2A348DE100B32EA8 /* LogUtil.swift */ = {isa = PBXFileReference; lastKnownFileType = sourcecode.swift; path = LogUtil.swift; sourceTree = "<group>"; };
		625FDD832A35A24700B32EA8 /* QueryUtil.swift */ = {isa = PBXFileReference; lastKnownFileType = sourcecode.swift; path = QueryUtil.swift; sourceTree = "<group>"; };
		625FDD862A36509900B32EA8 /* README.md */ = {isa = PBXFileReference; lastKnownFileType = net.daringfireball.markdown; path = README.md; sourceTree = "<group>"; };
		625FDD872A3651A100B32EA8 /* TrackableScrollView.swift */ = {isa = PBXFileReference; lastKnownFileType = sourcecode.swift; path = TrackableScrollView.swift; sourceTree = "<group>"; };
		625FDD892A3651E100B32EA8 /* ScrollOffsetPreferenceKey.swift */ = {isa = PBXFileReference; lastKnownFileType = sourcecode.swift; path = ScrollOffsetPreferenceKey.swift; sourceTree = "<group>"; };
		625FDD8E2A37241700B32EA8 /* ChatMessageViewModel.swift */ = {isa = PBXFileReference; lastKnownFileType = sourcecode.swift; path = ChatMessageViewModel.swift; sourceTree = "<group>"; };
		625FDD902A37286300B32EA8 /* DateUtil.swift */ = {isa = PBXFileReference; lastKnownFileType = sourcecode.swift; path = DateUtil.swift; sourceTree = "<group>"; };
		6286EA262A2E0830006F549D /* wifitalk.app */ = {isa = PBXFileReference; explicitFileType = wrapper.application; includeInIndex = 0; path = wifitalk.app; sourceTree = BUILT_PRODUCTS_DIR; };
		6286EA292A2E0830006F549D /* wifitalkApp.swift */ = {isa = PBXFileReference; lastKnownFileType = sourcecode.swift; path = wifitalkApp.swift; sourceTree = "<group>"; };
		6286EA2B2A2E0830006F549D /* ContentView.swift */ = {isa = PBXFileReference; lastKnownFileType = sourcecode.swift; path = ContentView.swift; sourceTree = "<group>"; };
		6286EA2D2A2E0831006F549D /* Assets.xcassets */ = {isa = PBXFileReference; lastKnownFileType = folder.assetcatalog; path = Assets.xcassets; sourceTree = "<group>"; };
		6286EA302A2E0831006F549D /* Preview Assets.xcassets */ = {isa = PBXFileReference; lastKnownFileType = folder.assetcatalog; path = "Preview Assets.xcassets"; sourceTree = "<group>"; };
		6286EA322A2E0831006F549D /* wifitalk.entitlements */ = {isa = PBXFileReference; lastKnownFileType = text.plist.entitlements; path = wifitalk.entitlements; sourceTree = "<group>"; };
		62D008732A3795830032BEDF /* LocationPermission.swift */ = {isa = PBXFileReference; lastKnownFileType = sourcecode.swift; path = LocationPermission.swift; sourceTree = "<group>"; };
		62D008762A38A4620032BEDF /* WifiHistoryController.swift */ = {isa = PBXFileReference; lastKnownFileType = sourcecode.swift; path = WifiHistoryController.swift; sourceTree = "<group>"; };
		62FFB14D2A2E15EA00854476 /* Info.plist */ = {isa = PBXFileReference; lastKnownFileType = text.plist; path = Info.plist; sourceTree = "<group>"; };
		62FFB1502A2E17D000854476 /* WifiHelper.swift */ = {isa = PBXFileReference; lastKnownFileType = sourcecode.swift; path = WifiHelper.swift; sourceTree = "<group>"; };
		62FFB1582A2F275E00854476 /* TestView.swift */ = {isa = PBXFileReference; lastKnownFileType = sourcecode.swift; path = TestView.swift; sourceTree = "<group>"; };
		62FFB15A2A2F45B400854476 /* Wifi.swift */ = {isa = PBXFileReference; lastKnownFileType = sourcecode.swift; path = Wifi.swift; sourceTree = "<group>"; };
		62FFB15C2A2F626900854476 /* WifiState.swift */ = {isa = PBXFileReference; lastKnownFileType = sourcecode.swift; path = WifiState.swift; sourceTree = "<group>"; };
		62FFB1612A2F7F0500854476 /* WifiViewModel.swift */ = {isa = PBXFileReference; lastKnownFileType = sourcecode.swift; path = WifiViewModel.swift; sourceTree = "<group>"; };
/* End PBXFileReference section */

/* Begin PBXFrameworksBuildPhase section */
		6286EA232A2E0830006F549D /* Frameworks */ = {
			isa = PBXFrameworksBuildPhase;
			buildActionMask = 2147483647;
			files = (
				62D008702A3786D50032BEDF /* FirebaseFirestore in Frameworks */,
				62D008722A3786D50032BEDF /* FirebaseFirestoreSwift in Frameworks */,
				6222D8D92A39D31E001628E3 /* FirebaseStorage in Frameworks */,
			);
			runOnlyForDeploymentPostprocessing = 0;
		};
/* End PBXFrameworksBuildPhase section */

/* Begin PBXGroup section */
		6222D8DE2A39D8EF001628E3 /* Storage */ = {
			isa = PBXGroup;
			children = (
				6222D8DF2A39D905001628E3 /* StorageUtil.swift */,
			);
			path = Storage;
			sourceTree = "<group>";
		};
		6249F85E2A300B9D00E9E99D /* ChatList */ = {
			isa = PBXGroup;
			children = (
				625FDD542A31D4EC00B32EA8 /* Chat */,
				6249F85F2A300BAD00E9E99D /* ChatListView.swift */,
				6249F8612A300CFD00E9E99D /* ChatListItem.swift */,
				625FDD2C2A302DD500B32EA8 /* ChatHistoryItem.swift */,
			);
			path = ChatList;
			sourceTree = "<group>";
		};
		6249F8632A30136D00E9E99D /* Model */ = {
			isa = PBXGroup;
			children = (
				6249F8642A30137900E9E99D /* Mock.swift */,
				625FDD3E2A30798300B32EA8 /* ProfileImage.swift */,
				625FDD5A2A31D66800B32EA8 /* ChatMessage.swift */,
				6222D8DC2A39D550001628E3 /* Report.swift */,
			);
			path = Model;
			sourceTree = "<group>";
		};
		625FDD292A302CE800B32EA8 /* Setting */ = {
			isa = PBXGroup;
			children = (
				625FDD2A2A302D2500B32EA8 /* SettingView.swift */,
				625FDD522A31C07C00B32EA8 /* UpdateProfileView.swift */,
				6222D8D02A391063001628E3 /* ReportView.swift */,
			);
			path = Setting;
			sourceTree = "<group>";
		};
		625FDD2E2A3033C700B32EA8 /* BinaryProfile */ = {
			isa = PBXGroup;
			children = (
				625FDD2F2A3033F900B32EA8 /* BinaryProfileGenerator.swift */,
				625FDD312A30346D00B32EA8 /* BinaryProfile.swift */,
				625FDD362A3055D800B32EA8 /* BinaryProfileView.swift */,
			);
			path = BinaryProfile;
			sourceTree = "<group>";
		};
		625FDD332A304EA700B32EA8 /* Util */ = {
			isa = PBXGroup;
			children = (
				625FDD342A304EBC00B32EA8 /* StringUtil.swift */,
				625FDD382A30571500B32EA8 /* IntUtil.swift */,
				625FDD3A2A30578200B32EA8 /* DoubleUtil.swift */,
				625FDD602A31E05800B32EA8 /* ViewUtil.swift */,
				625FDD7B2A348DE100B32EA8 /* LogUtil.swift */,
				625FDD902A37286300B32EA8 /* DateUtil.swift */,
			);
			path = Util;
			sourceTree = "<group>";
		};
		625FDD432A30FF3C00B32EA8 /* CoreData */ = {
			isa = PBXGroup;
			children = (
				625FDD442A30FF4E00B32EA8 /* DataManager.swift */,
				625FDD492A31133400B32EA8 /* UserController.swift */,
				625FDD4B2A31185400B32EA8 /* DataController.swift */,
				62D008762A38A4620032BEDF /* WifiHistoryController.swift */,
			);
			path = CoreData;
			sourceTree = "<group>";
		};
		625FDD512A31B6E500B32EA8 /* Components */ = {
			isa = PBXGroup;
			children = (
				625FDD852A36508600B32EA8 /* TrackableScrollView */,
				625FDD3C2A3078F100B32EA8 /* ProfileImageView.swift */,
				625FDD642A320F3700B32EA8 /* ScrollPositionReader.swift */,
				6222D8D62A39CA6C001628E3 /* ImagePicker.swift */,
			);
			path = Components;
			sourceTree = "<group>";
		};
		625FDD542A31D4EC00B32EA8 /* Chat */ = {
			isa = PBXGroup;
			children = (
				625FDD552A31D4FC00B32EA8 /* ChatView.swift */,
				625FDD5C2A31D77F00B32EA8 /* ChatMessageView.swift */,
				625FDD5E2A31D8D100B32EA8 /* MessageInputView.swift */,
				625FDD622A31EEEB00B32EA8 /* ChatBubble.swift */,
			);
			path = Chat;
			sourceTree = "<group>";
		};
		625FDD572A31D55100B32EA8 /* AppState */ = {
			isa = PBXGroup;
			children = (
				62FFB1612A2F7F0500854476 /* WifiViewModel.swift */,
				625FDD4D2A311BA700B32EA8 /* UserViewModel.swift */,
				625FDD4F2A31B2DE00B32EA8 /* AppState.swift */,
			);
			path = AppState;
			sourceTree = "<group>";
		};
		625FDD6A2A34859B00B32EA8 /* Firebase */ = {
			isa = PBXGroup;
			children = (
				6222D8DE2A39D8EF001628E3 /* Storage */,
				625FDD6B2A3485A200B32EA8 /* Firestore */,
			);
			path = Firebase;
			sourceTree = "<group>";
		};
		625FDD6B2A3485A200B32EA8 /* Firestore */ = {
			isa = PBXGroup;
			children = (
				625FDD6C2A3485C600B32EA8 /* ChatRepository.swift */,
				625FDD792A34890100B32EA8 /* Constants.swift */,
				625FDD832A35A24700B32EA8 /* QueryUtil.swift */,
				6222D8DA2A39D3A7001628E3 /* ReportRepository.swift */,
				6222D8E12A39DB30001628E3 /* FirebaseRepository.swift */,
			);
			path = Firestore;
			sourceTree = "<group>";
		};
		625FDD7E2A3598EF00B32EA8 /* Frameworks */ = {
			isa = PBXGroup;
			children = (
			);
			name = Frameworks;
			sourceTree = "<group>";
		};
		625FDD852A36508600B32EA8 /* TrackableScrollView */ = {
			isa = PBXGroup;
			children = (
				625FDD862A36509900B32EA8 /* README.md */,
				625FDD872A3651A100B32EA8 /* TrackableScrollView.swift */,
				625FDD892A3651E100B32EA8 /* ScrollOffsetPreferenceKey.swift */,
			);
			path = TrackableScrollView;
			sourceTree = "<group>";
		};
		6286EA1D2A2E0830006F549D = {
			isa = PBXGroup;
			children = (
				6286EA282A2E0830006F549D /* wifitalk */,
				6286EA272A2E0830006F549D /* Products */,
				625FDD7E2A3598EF00B32EA8 /* Frameworks */,
			);
			sourceTree = "<group>";
		};
		6286EA272A2E0830006F549D /* Products */ = {
			isa = PBXGroup;
			children = (
				6286EA262A2E0830006F549D /* wifitalk.app */,
			);
			name = Products;
			sourceTree = "<group>";
		};
		6286EA282A2E0830006F549D /* wifitalk */ = {
			isa = PBXGroup;
			children = (
				625FDD332A304EA700B32EA8 /* Util */,
				6249F8632A30136D00E9E99D /* Model */,
				62FFB1602A2F7EF900854476 /* ViewModel */,
				62FFB1522A2F270600854476 /* View */,
				62FFB14E2A2E17AB00854476 /* Module */,
				62FFB14D2A2E15EA00854476 /* Info.plist */,
				6286EA292A2E0830006F549D /* wifitalkApp.swift */,
				6286EA2B2A2E0830006F549D /* ContentView.swift */,
				6286EA2D2A2E0831006F549D /* Assets.xcassets */,
				6286EA322A2E0831006F549D /* wifitalk.entitlements */,
				6286EA2F2A2E0831006F549D /* Preview Content */,
				625FDD462A30FFDC00B32EA8 /* WifiTalk.xcdatamodeld */,
				625FDD662A3484BD00B32EA8 /* GoogleService-Info.plist */,
			);
			path = wifitalk;
			sourceTree = "<group>";
		};
		6286EA2F2A2E0831006F549D /* Preview Content */ = {
			isa = PBXGroup;
			children = (
				6286EA302A2E0831006F549D /* Preview Assets.xcassets */,
			);
			path = "Preview Content";
			sourceTree = "<group>";
		};
		62D008752A3876990032BEDF /* Permission */ = {
			isa = PBXGroup;
			children = (
				62D008732A3795830032BEDF /* LocationPermission.swift */,
			);
			path = Permission;
			sourceTree = "<group>";
		};
		62FFB14E2A2E17AB00854476 /* Module */ = {
			isa = PBXGroup;
			children = (
				62D008752A3876990032BEDF /* Permission */,
				625FDD6A2A34859B00B32EA8 /* Firebase */,
				625FDD432A30FF3C00B32EA8 /* CoreData */,
				625FDD2E2A3033C700B32EA8 /* BinaryProfile */,
				62FFB14F2A2E17B600854476 /* WIfi */,
			);
			path = Module;
			sourceTree = "<group>";
		};
		62FFB14F2A2E17B600854476 /* WIfi */ = {
			isa = PBXGroup;
			children = (
				62FFB1502A2E17D000854476 /* WifiHelper.swift */,
				62FFB15A2A2F45B400854476 /* Wifi.swift */,
				62FFB15C2A2F626900854476 /* WifiState.swift */,
			);
			path = WIfi;
			sourceTree = "<group>";
		};
		62FFB1522A2F270600854476 /* View */ = {
			isa = PBXGroup;
			children = (
				625FDD512A31B6E500B32EA8 /* Components */,
				625FDD292A302CE800B32EA8 /* Setting */,
				6249F85E2A300B9D00E9E99D /* ChatList */,
				62FFB1532A2F271500854476 /* Test */,
			);
			path = View;
			sourceTree = "<group>";
		};
		62FFB1532A2F271500854476 /* Test */ = {
			isa = PBXGroup;
			children = (
				62FFB1582A2F275E00854476 /* TestView.swift */,
			);
			path = Test;
			sourceTree = "<group>";
		};
		62FFB1602A2F7EF900854476 /* ViewModel */ = {
			isa = PBXGroup;
			children = (
				625FDD572A31D55100B32EA8 /* AppState */,
				625FDD8E2A37241700B32EA8 /* ChatMessageViewModel.swift */,
				6222D8D22A39BA7C001628E3 /* ReportViewModel.swift */,
				6222D8E52A3B0695001628E3 /* ChatViewModel.swift */,
				6222D8E72A3B0EC2001628E3 /* ChatListViewModel.swift */,
			);
			path = ViewModel;
			sourceTree = "<group>";
		};
/* End PBXGroup section */

/* Begin PBXNativeTarget section */
		6286EA252A2E0830006F549D /* wifitalk */ = {
			isa = PBXNativeTarget;
			buildConfigurationList = 6286EA352A2E0831006F549D /* Build configuration list for PBXNativeTarget "wifitalk" */;
			buildPhases = (
				6286EA222A2E0830006F549D /* Sources */,
				6286EA232A2E0830006F549D /* Frameworks */,
				6286EA242A2E0830006F549D /* Resources */,
			);
			buildRules = (
			);
			dependencies = (
			);
			name = wifitalk;
			packageProductDependencies = (
				62D0086F2A3786D50032BEDF /* FirebaseFirestore */,
				62D008712A3786D50032BEDF /* FirebaseFirestoreSwift */,
				6222D8D82A39D31E001628E3 /* FirebaseStorage */,
			);
			productName = wifitalk;
			productReference = 6286EA262A2E0830006F549D /* wifitalk.app */;
			productType = "com.apple.product-type.application";
		};
/* End PBXNativeTarget section */

/* Begin PBXProject section */
		6286EA1E2A2E0830006F549D /* Project object */ = {
			isa = PBXProject;
			attributes = {
				BuildIndependentTargetsInParallel = 1;
				LastSwiftUpdateCheck = 1420;
				LastUpgradeCheck = 1420;
				TargetAttributes = {
					6286EA252A2E0830006F549D = {
						CreatedOnToolsVersion = 14.2;
					};
				};
			};
			buildConfigurationList = 6286EA212A2E0830006F549D /* Build configuration list for PBXProject "wifitalk" */;
			compatibilityVersion = "Xcode 14.0";
			developmentRegion = en;
			hasScannedForEncodings = 0;
			knownRegions = (
				en,
				Base,
			);
			mainGroup = 6286EA1D2A2E0830006F549D;
			packageReferences = (
				625FDD7D2A35989200B32EA8 /* XCRemoteSwiftPackageReference "firebase-ios-sdk" */,
			);
			productRefGroup = 6286EA272A2E0830006F549D /* Products */;
			projectDirPath = "";
			projectRoot = "";
			targets = (
				6286EA252A2E0830006F549D /* wifitalk */,
			);
		};
/* End PBXProject section */

/* Begin PBXResourcesBuildPhase section */
		6286EA242A2E0830006F549D /* Resources */ = {
			isa = PBXResourcesBuildPhase;
			buildActionMask = 2147483647;
			files = (
				6286EA312A2E0831006F549D /* Preview Assets.xcassets in Resources */,
				6286EA2E2A2E0831006F549D /* Assets.xcassets in Resources */,
				625FDD672A3484BD00B32EA8 /* GoogleService-Info.plist in Resources */,
			);
			runOnlyForDeploymentPostprocessing = 0;
		};
/* End PBXResourcesBuildPhase section */

/* Begin PBXSourcesBuildPhase section */
		6286EA222A2E0830006F549D /* Sources */ = {
			isa = PBXSourcesBuildPhase;
			buildActionMask = 2147483647;
			files = (
				625FDD352A304EBC00B32EA8 /* StringUtil.swift in Sources */,
				6222D8E62A3B0695001628E3 /* ChatViewModel.swift in Sources */,
				6222D8DB2A39D3A7001628E3 /* ReportRepository.swift in Sources */,
				625FDD5F2A31D8D100B32EA8 /* MessageInputView.swift in Sources */,
				625FDD612A31E05800B32EA8 /* ViewUtil.swift in Sources */,
				625FDD452A30FF4E00B32EA8 /* DataManager.swift in Sources */,
				62FFB1592A2F275E00854476 /* TestView.swift in Sources */,
				625FDD5D2A31D77F00B32EA8 /* ChatMessageView.swift in Sources */,
				6222D8D12A391063001628E3 /* ReportView.swift in Sources */,
				625FDD5B2A31D66800B32EA8 /* ChatMessage.swift in Sources */,
				625FDD302A3033F900B32EA8 /* BinaryProfileGenerator.swift in Sources */,
				625FDD562A31D4FC00B32EA8 /* ChatView.swift in Sources */,
				625FDD4A2A31133400B32EA8 /* UserController.swift in Sources */,
				625FDD372A3055D800B32EA8 /* BinaryProfileView.swift in Sources */,
				62D008772A38A4620032BEDF /* WifiHistoryController.swift in Sources */,
				6249F8652A30137900E9E99D /* Mock.swift in Sources */,
				62FFB1622A2F7F0500854476 /* WifiViewModel.swift in Sources */,
				6249F8622A300CFD00E9E99D /* ChatListItem.swift in Sources */,
				62FFB15B2A2F45B400854476 /* Wifi.swift in Sources */,
				62FFB15D2A2F626900854476 /* WifiState.swift in Sources */,
				625FDD482A30FFDC00B32EA8 /* WifiTalk.xcdatamodeld in Sources */,
				6222D8DD2A39D550001628E3 /* Report.swift in Sources */,
				62D008742A3795830032BEDF /* LocationPermission.swift in Sources */,
				625FDD2D2A302DD500B32EA8 /* ChatHistoryItem.swift in Sources */,
				625FDD6D2A3485C600B32EA8 /* ChatRepository.swift in Sources */,
				625FDD632A31EEEB00B32EA8 /* ChatBubble.swift in Sources */,
				625FDD4C2A31185400B32EA8 /* DataController.swift in Sources */,
				6249F8602A300BAD00E9E99D /* ChatListView.swift in Sources */,
				62FFB1512A2E17D000854476 /* WifiHelper.swift in Sources */,
				625FDD842A35A24700B32EA8 /* QueryUtil.swift in Sources */,
				6286EA2C2A2E0830006F549D /* ContentView.swift in Sources */,
				6222D8D32A39BA7C001628E3 /* ReportViewModel.swift in Sources */,
				6222D8E22A39DB30001628E3 /* FirebaseRepository.swift in Sources */,
				625FDD3D2A3078F100B32EA8 /* ProfileImageView.swift in Sources */,
				625FDD3B2A30578200B32EA8 /* DoubleUtil.swift in Sources */,
				625FDD912A37286300B32EA8 /* DateUtil.swift in Sources */,
				6222D8E82A3B0EC2001628E3 /* ChatListViewModel.swift in Sources */,
				625FDD392A30571500B32EA8 /* IntUtil.swift in Sources */,
				625FDD3F2A30798300B32EA8 /* ProfileImage.swift in Sources */,
				625FDD8F2A37241700B32EA8 /* ChatMessageViewModel.swift in Sources */,
				6222D8E02A39D905001628E3 /* StorageUtil.swift in Sources */,
				625FDD652A320F3700B32EA8 /* ScrollPositionReader.swift in Sources */,
				625FDD882A3651A100B32EA8 /* TrackableScrollView.swift in Sources */,
				625FDD2B2A302D2500B32EA8 /* SettingView.swift in Sources */,
				6286EA2A2A2E0830006F549D /* wifitalkApp.swift in Sources */,
				625FDD502A31B2DE00B32EA8 /* AppState.swift in Sources */,
				625FDD4E2A311BA700B32EA8 /* UserViewModel.swift in Sources */,
				625FDD7C2A348DE100B32EA8 /* LogUtil.swift in Sources */,
				625FDD532A31C07C00B32EA8 /* UpdateProfileView.swift in Sources */,
				625FDD8A2A3651E100B32EA8 /* ScrollOffsetPreferenceKey.swift in Sources */,
				6222D8D72A39CA6C001628E3 /* ImagePicker.swift in Sources */,
				625FDD7A2A34890100B32EA8 /* Constants.swift in Sources */,
				625FDD322A30346D00B32EA8 /* BinaryProfile.swift in Sources */,
			);
			runOnlyForDeploymentPostprocessing = 0;
		};
/* End PBXSourcesBuildPhase section */

/* Begin XCBuildConfiguration section */
		6286EA332A2E0831006F549D /* Debug */ = {
			isa = XCBuildConfiguration;
			buildSettings = {
				ALWAYS_SEARCH_USER_PATHS = NO;
				CLANG_ANALYZER_NONNULL = YES;
				CLANG_ANALYZER_NUMBER_OBJECT_CONVERSION = YES_AGGRESSIVE;
				CLANG_CXX_LANGUAGE_STANDARD = "gnu++20";
				CLANG_ENABLE_MODULES = YES;
				CLANG_ENABLE_OBJC_ARC = YES;
				CLANG_ENABLE_OBJC_WEAK = YES;
				CLANG_WARN_BLOCK_CAPTURE_AUTORELEASING = YES;
				CLANG_WARN_BOOL_CONVERSION = YES;
				CLANG_WARN_COMMA = YES;
				CLANG_WARN_CONSTANT_CONVERSION = YES;
				CLANG_WARN_DEPRECATED_OBJC_IMPLEMENTATIONS = YES;
				CLANG_WARN_DIRECT_OBJC_ISA_USAGE = YES_ERROR;
				CLANG_WARN_DOCUMENTATION_COMMENTS = YES;
				CLANG_WARN_EMPTY_BODY = YES;
				CLANG_WARN_ENUM_CONVERSION = YES;
				CLANG_WARN_INFINITE_RECURSION = YES;
				CLANG_WARN_INT_CONVERSION = YES;
				CLANG_WARN_NON_LITERAL_NULL_CONVERSION = YES;
				CLANG_WARN_OBJC_IMPLICIT_RETAIN_SELF = YES;
				CLANG_WARN_OBJC_LITERAL_CONVERSION = YES;
				CLANG_WARN_OBJC_ROOT_CLASS = YES_ERROR;
				CLANG_WARN_QUOTED_INCLUDE_IN_FRAMEWORK_HEADER = YES;
				CLANG_WARN_RANGE_LOOP_ANALYSIS = YES;
				CLANG_WARN_STRICT_PROTOTYPES = YES;
				CLANG_WARN_SUSPICIOUS_MOVE = YES;
				CLANG_WARN_UNGUARDED_AVAILABILITY = YES_AGGRESSIVE;
				CLANG_WARN_UNREACHABLE_CODE = YES;
				CLANG_WARN__DUPLICATE_METHOD_MATCH = YES;
				COPY_PHASE_STRIP = NO;
				DEBUG_INFORMATION_FORMAT = dwarf;
				ENABLE_STRICT_OBJC_MSGSEND = YES;
				ENABLE_TESTABILITY = YES;
				GCC_C_LANGUAGE_STANDARD = gnu11;
				GCC_DYNAMIC_NO_PIC = NO;
				GCC_NO_COMMON_BLOCKS = YES;
				GCC_OPTIMIZATION_LEVEL = 0;
				GCC_PREPROCESSOR_DEFINITIONS = (
					"DEBUG=1",
					"$(inherited)",
				);
				GCC_WARN_64_TO_32_BIT_CONVERSION = YES;
				GCC_WARN_ABOUT_RETURN_TYPE = YES_ERROR;
				GCC_WARN_UNDECLARED_SELECTOR = YES;
				GCC_WARN_UNINITIALIZED_AUTOS = YES_AGGRESSIVE;
				GCC_WARN_UNUSED_FUNCTION = YES;
				GCC_WARN_UNUSED_VARIABLE = YES;
				MACOSX_DEPLOYMENT_TARGET = 13.1;
				MTL_ENABLE_DEBUG_INFO = INCLUDE_SOURCE;
				MTL_FAST_MATH = YES;
				ONLY_ACTIVE_ARCH = YES;
				SDKROOT = iphoneos;
				SWIFT_ACTIVE_COMPILATION_CONDITIONS = DEBUG;
				SWIFT_OPTIMIZATION_LEVEL = "-Onone";
			};
			name = Debug;
		};
		6286EA342A2E0831006F549D /* Release */ = {
			isa = XCBuildConfiguration;
			buildSettings = {
				ALWAYS_SEARCH_USER_PATHS = NO;
				CLANG_ANALYZER_NONNULL = YES;
				CLANG_ANALYZER_NUMBER_OBJECT_CONVERSION = YES_AGGRESSIVE;
				CLANG_CXX_LANGUAGE_STANDARD = "gnu++20";
				CLANG_ENABLE_MODULES = YES;
				CLANG_ENABLE_OBJC_ARC = YES;
				CLANG_ENABLE_OBJC_WEAK = YES;
				CLANG_WARN_BLOCK_CAPTURE_AUTORELEASING = YES;
				CLANG_WARN_BOOL_CONVERSION = YES;
				CLANG_WARN_COMMA = YES;
				CLANG_WARN_CONSTANT_CONVERSION = YES;
				CLANG_WARN_DEPRECATED_OBJC_IMPLEMENTATIONS = YES;
				CLANG_WARN_DIRECT_OBJC_ISA_USAGE = YES_ERROR;
				CLANG_WARN_DOCUMENTATION_COMMENTS = YES;
				CLANG_WARN_EMPTY_BODY = YES;
				CLANG_WARN_ENUM_CONVERSION = YES;
				CLANG_WARN_INFINITE_RECURSION = YES;
				CLANG_WARN_INT_CONVERSION = YES;
				CLANG_WARN_NON_LITERAL_NULL_CONVERSION = YES;
				CLANG_WARN_OBJC_IMPLICIT_RETAIN_SELF = YES;
				CLANG_WARN_OBJC_LITERAL_CONVERSION = YES;
				CLANG_WARN_OBJC_ROOT_CLASS = YES_ERROR;
				CLANG_WARN_QUOTED_INCLUDE_IN_FRAMEWORK_HEADER = YES;
				CLANG_WARN_RANGE_LOOP_ANALYSIS = YES;
				CLANG_WARN_STRICT_PROTOTYPES = YES;
				CLANG_WARN_SUSPICIOUS_MOVE = YES;
				CLANG_WARN_UNGUARDED_AVAILABILITY = YES_AGGRESSIVE;
				CLANG_WARN_UNREACHABLE_CODE = YES;
				CLANG_WARN__DUPLICATE_METHOD_MATCH = YES;
				COPY_PHASE_STRIP = NO;
				DEBUG_INFORMATION_FORMAT = "dwarf-with-dsym";
				ENABLE_NS_ASSERTIONS = NO;
				ENABLE_STRICT_OBJC_MSGSEND = YES;
				GCC_C_LANGUAGE_STANDARD = gnu11;
				GCC_NO_COMMON_BLOCKS = YES;
				GCC_WARN_64_TO_32_BIT_CONVERSION = YES;
				GCC_WARN_ABOUT_RETURN_TYPE = YES_ERROR;
				GCC_WARN_UNDECLARED_SELECTOR = YES;
				GCC_WARN_UNINITIALIZED_AUTOS = YES_AGGRESSIVE;
				GCC_WARN_UNUSED_FUNCTION = YES;
				GCC_WARN_UNUSED_VARIABLE = YES;
				MACOSX_DEPLOYMENT_TARGET = 13.1;
				MTL_ENABLE_DEBUG_INFO = NO;
				MTL_FAST_MATH = YES;
				SDKROOT = iphoneos;
				SWIFT_COMPILATION_MODE = wholemodule;
				SWIFT_OPTIMIZATION_LEVEL = "-O";
			};
			name = Release;
		};
		6286EA362A2E0831006F549D /* Debug */ = {
			isa = XCBuildConfiguration;
			buildSettings = {
				ASSETCATALOG_COMPILER_APPICON_NAME = AppIcon;
				ASSETCATALOG_COMPILER_GLOBAL_ACCENT_COLOR_NAME = AccentColor;
				CODE_SIGN_ENTITLEMENTS = wifitalk/wifitalk.entitlements;
				CODE_SIGN_IDENTITY = "Apple Development";
				CODE_SIGN_STYLE = Automatic;
				COMBINE_HIDPI_IMAGES = YES;
				CURRENT_PROJECT_VERSION = 1;
				DEVELOPMENT_ASSET_PATHS = "\"wifitalk/Preview Content\"";
				DEVELOPMENT_TEAM = JQPN5757XG;
				ENABLE_PREVIEWS = YES;
				GENERATE_INFOPLIST_FILE = YES;
				INFOPLIST_FILE = wifitalk/Info.plist;
				INFOPLIST_KEY_CFBundleDisplayName = "와이파이톡";
				INFOPLIST_KEY_LSApplicationCategoryType = "public.app-category.social-networking";
				INFOPLIST_KEY_NSHumanReadableCopyright = "";
				IPHONEOS_DEPLOYMENT_TARGET = 14.0;
				LD_RUNPATH_SEARCH_PATHS = (
					"$(inherited)",
					"@executable_path/../Frameworks",
				);
				MARKETING_VERSION = 1.0;
				PRODUCT_BUNDLE_IDENTIFIER = com.escher.wifitalk;
				PRODUCT_NAME = "$(TARGET_NAME)";
				PROVISIONING_PROFILE_SPECIFIER = "";
				SUPPORTED_PLATFORMS = "iphoneos iphonesimulator";
				SUPPORTS_MACCATALYST = NO;
				SUPPORTS_MAC_DESIGNED_FOR_IPHONE_IPAD = NO;
				SWIFT_EMIT_LOC_STRINGS = YES;
				SWIFT_VERSION = 5.0;
				TARGETED_DEVICE_FAMILY = 1;
			};
			name = Debug;
		};
		6286EA372A2E0831006F549D /* Release */ = {
			isa = XCBuildConfiguration;
			buildSettings = {
				ASSETCATALOG_COMPILER_APPICON_NAME = AppIcon;
				ASSETCATALOG_COMPILER_GLOBAL_ACCENT_COLOR_NAME = AccentColor;
				CODE_SIGN_ENTITLEMENTS = wifitalk/wifitalk.entitlements;
				CODE_SIGN_IDENTITY = "Apple Development";
				CODE_SIGN_STYLE = Automatic;
				COMBINE_HIDPI_IMAGES = YES;
				CURRENT_PROJECT_VERSION = 1;
				DEVELOPMENT_ASSET_PATHS = "\"wifitalk/Preview Content\"";
				DEVELOPMENT_TEAM = JQPN5757XG;
				ENABLE_PREVIEWS = YES;
				GENERATE_INFOPLIST_FILE = YES;
				INFOPLIST_FILE = wifitalk/Info.plist;
				INFOPLIST_KEY_CFBundleDisplayName = "와이파이톡";
				INFOPLIST_KEY_LSApplicationCategoryType = "public.app-category.social-networking";
				INFOPLIST_KEY_NSHumanReadableCopyright = "";
				IPHONEOS_DEPLOYMENT_TARGET = 14.0;
				LD_RUNPATH_SEARCH_PATHS = (
					"$(inherited)",
					"@executable_path/../Frameworks",
				);
				MARKETING_VERSION = 1.0;
				PRODUCT_BUNDLE_IDENTIFIER = com.escher.wifitalk;
				PRODUCT_NAME = "$(TARGET_NAME)";
				PROVISIONING_PROFILE_SPECIFIER = "";
				SUPPORTED_PLATFORMS = "iphoneos iphonesimulator";
				SUPPORTS_MACCATALYST = NO;
				SUPPORTS_MAC_DESIGNED_FOR_IPHONE_IPAD = NO;
				SWIFT_EMIT_LOC_STRINGS = YES;
				SWIFT_VERSION = 5.0;
				TARGETED_DEVICE_FAMILY = 1;
			};
			name = Release;
		};
/* End XCBuildConfiguration section */

/* Begin XCConfigurationList section */
		6286EA212A2E0830006F549D /* Build configuration list for PBXProject "wifitalk" */ = {
			isa = XCConfigurationList;
			buildConfigurations = (
				6286EA332A2E0831006F549D /* Debug */,
				6286EA342A2E0831006F549D /* Release */,
			);
			defaultConfigurationIsVisible = 0;
			defaultConfigurationName = Release;
		};
		6286EA352A2E0831006F549D /* Build configuration list for PBXNativeTarget "wifitalk" */ = {
			isa = XCConfigurationList;
			buildConfigurations = (
				6286EA362A2E0831006F549D /* Debug */,
				6286EA372A2E0831006F549D /* Release */,
			);
			defaultConfigurationIsVisible = 0;
			defaultConfigurationName = Release;
		};
/* End XCConfigurationList section */

/* Begin XCRemoteSwiftPackageReference section */
		625FDD7D2A35989200B32EA8 /* XCRemoteSwiftPackageReference "firebase-ios-sdk" */ = {
			isa = XCRemoteSwiftPackageReference;
			repositoryURL = "https://github.com/firebase/firebase-ios-sdk";
			requirement = {
				kind = upToNextMajorVersion;
				minimumVersion = 10.0.0;
			};
		};
/* End XCRemoteSwiftPackageReference section */

/* Begin XCSwiftPackageProductDependency section */
		6222D8D82A39D31E001628E3 /* FirebaseStorage */ = {
			isa = XCSwiftPackageProductDependency;
			package = 625FDD7D2A35989200B32EA8 /* XCRemoteSwiftPackageReference "firebase-ios-sdk" */;
			productName = FirebaseStorage;
		};
		62D0086F2A3786D50032BEDF /* FirebaseFirestore */ = {
			isa = XCSwiftPackageProductDependency;
			package = 625FDD7D2A35989200B32EA8 /* XCRemoteSwiftPackageReference "firebase-ios-sdk" */;
			productName = FirebaseFirestore;
		};
		62D008712A3786D50032BEDF /* FirebaseFirestoreSwift */ = {
			isa = XCSwiftPackageProductDependency;
			package = 625FDD7D2A35989200B32EA8 /* XCRemoteSwiftPackageReference "firebase-ios-sdk" */;
			productName = FirebaseFirestoreSwift;
		};
/* End XCSwiftPackageProductDependency section */

/* Begin XCVersionGroup section */
		625FDD462A30FFDC00B32EA8 /* WifiTalk.xcdatamodeld */ = {
			isa = XCVersionGroup;
			children = (
				625FDD472A30FFDC00B32EA8 /* WifiTalk.xcdatamodel */,
			);
			currentVersion = 625FDD472A30FFDC00B32EA8 /* WifiTalk.xcdatamodel */;
			path = WifiTalk.xcdatamodeld;
			sourceTree = "<group>";
			versionGroupType = wrapper.xcdatamodel;
		};
/* End XCVersionGroup section */
	};
	rootObject = 6286EA1E2A2E0830006F549D /* Project object */;
}
